
Microsoft Visual Studio Solution File, Format Version 12.00
# Visual Studio Version 16
VisualStudioVersion = 16.0.31613.86
MinimumVisualStudioVersion = 10.0.40219.1
Project("{FAE04EC0-301F-11D3-BF4B-00C04F79EFBC}") = "ECG.UWP", "ECG\ECG.UWP\ECG.UWP.csproj", "{7D44AA43-3729-4F20-B320-7CA74E7BD956}"
EndProject
Project("{FAE04EC0-301F-11D3-BF4B-00C04F79EFBC}") = "ECG.Android", "ECG\ECG.Android\ECG.Android.csproj", "{8AEF759B-C864-4614-8C9F-1E8E40896B0B}"
EndProject
Project("{FAE04EC0-301F-11D3-BF4B-00C04F79EFBC}") = "ECG.iOS", "ECG\ECG.iOS\ECG.iOS.csproj", "{7B25D7A5-84A7-43B3-9473-C45B1FE4C0A1}"
EndProject
Project("{FAE04EC0-301F-11D3-BF4B-00C04F79EFBC}") = "ECG", "ECG\ECG\ECG.csproj", "{6B33E00B-3C11-4C94-AC1A-BD93E37132D4}"
EndProject
Global
	GlobalSection(SolutionConfigurationPlatforms) = preSolution
		Debug|Any CPU = Debug|Any CPU
		Debug|ARM = Debug|ARM
		Debug|iPhone = Debug|iPhone
		Debug|iPhoneSimulator = Debug|iPhoneSimulator
		Debug|x64 = Debug|x64
		Debug|x86 = Debug|x86
		Release|Any CPU = Release|Any CPU
		Release|ARM = Release|ARM
		Release|iPhone = Release|iPhone
		Release|iPhoneSimulator = Release|iPhoneSimulator
		Release|x64 = Release|x64
		Release|x86 = Release|x86
	EndGlobalSection
	GlobalSection(ProjectConfigurationPlatforms) = postSolution
		{7D44AA43-3729-4F20-B320-7CA74E7BD956}.Debug|Any CPU.ActiveCfg = Debug|x86
		{7D44AA43-3729-4F20-B320-7CA74E7BD956}.Debug|Any CPU.Build.0 = Debug|x86
		{7D44AA43-3729-4F20-B320-7CA74E7BD956}.Debug|Any CPU.Deploy.0 = Debug|x86
		{7D44AA43-3729-4F20-B320-7CA74E7BD956}.Debug|ARM.ActiveCfg = Debug|ARM
		{7D44AA43-3729-4F20-B320-7CA74E7BD956}.Debug|ARM.Build.0 = Debug|ARM
		{7D44AA43-3729-4F20-B320-7CA74E7BD956}.Debug|ARM.Deploy.0 = Debug|ARM
		{7D44AA43-3729-4F20-B320-7CA74E7BD956}.Debug|iPhone.ActiveCfg = Debug|x86
		{7D44AA43-3729-4F20-B320-7CA74E7BD956}.Debug|iPhone.Build.0 = Debug|x86
		{7D44AA43-3729-4F20-B320-7CA74E7BD956}.Debug|iPhone.Deploy.0 = Debug|x86
		{7D44AA43-3729-4F20-B320-7CA74E7BD956}.Debug|iPhoneSimulator.ActiveCfg = Debug|x86
		{7D44AA43-3729-4F20-B320-7CA74E7BD956}.Debug|iPhoneSimulator.Build.0 = Debug|x86
		{7D44AA43-3729-4F20-B320-7CA74E7BD956}.Debug|iPhoneSimulator.Deploy.0 = Debug|x86
		{7D44AA43-3729-4F20-B320-7CA74E7BD956}.Debug|x64.ActiveCfg = Debug|x64
		{7D44AA43-3729-4F20-B320-7CA74E7BD956}.Debug|x64.Build.0 = Debug|x64
		{7D44AA43-3729-4F20-B320-7CA74E7BD956}.Debug|x64.Deploy.0 = Debug|x64
		{7D44AA43-3729-4F20-B320-7CA74E7BD956}.Debug|x86.ActiveCfg = Debug|x86
		{7D44AA43-3729-4F20-B320-7CA74E7BD956}.Debug|x86.Build.0 = Debug|x86
		{7D44AA43-3729-4F20-B320-7CA74E7BD956}.Debug|x86.Deploy.0 = Debug|x86
		{7D44AA43-3729-4F20-B320-7CA74E7BD956}.Release|Any CPU.ActiveCfg = Release|x86
		{7D44AA43-3729-4F20-B320-7CA74E7BD956}.Release|Any CPU.Build.0 = Release|x86
		{7D44AA43-3729-4F20-B320-7CA74E7BD956}.Release|Any CPU.Deploy.0 = Release|x86
		{7D44AA43-3729-4F20-B320-7CA74E7BD956}.Release|ARM.ActiveCfg = Release|ARM
		{7D44AA43-3729-4F20-B320-7CA74E7BD956}.Release|ARM.Build.0 = Release|ARM
		{7D44AA43-3729-4F20-B320-7CA74E7BD956}.Release|ARM.Deploy.0 = Release|ARM
		{7D44AA43-3729-4F20-B320-7CA74E7BD956}.Release|iPhone.ActiveCfg = Release|x86
		{7D44AA43-3729-4F20-B320-7CA74E7BD956}.Release|iPhone.Build.0 = Release|x86
		{7D44AA43-3729-4F20-B320-7CA74E7BD956}.Release|iPhone.Deploy.0 = Release|x86
		{7D44AA43-3729-4F20-B320-7CA74E7BD956}.Release|iPhoneSimulator.ActiveCfg = Release|x86
		{7D44AA43-3729-4F20-B320-7CA74E7BD956}.Release|iPhoneSimulator.Build.0 = Release|x86
		{7D44AA43-3729-4F20-B320-7CA74E7BD956}.Release|iPhoneSimulator.Deploy.0 = Release|x86
		{7D44AA43-3729-4F20-B320-7CA74E7BD956}.Release|x64.ActiveCfg = Release|x64
		{7D44AA43-3729-4F20-B320-7CA74E7BD956}.Release|x64.Build.0 = Release|x64
		{7D44AA43-3729-4F20-B320-7CA74E7BD956}.Release|x64.Deploy.0 = Release|x64
		{7D44AA43-3729-4F20-B320-7CA74E7BD956}.Release|x86.ActiveCfg = Release|x86
		{7D44AA43-3729-4F20-B320-7CA74E7BD956}.Release|x86.Build.0 = Release|x86
		{7D44AA43-3729-4F20-B320-7CA74E7BD956}.Release|x86.Deploy.0 = Release|x86
		{8AEF759B-C864-4614-8C9F-1E8E40896B0B}.Debug|Any CPU.ActiveCfg = Debug|Any CPU
		{8AEF759B-C864-4614-8C9F-1E8E40896B0B}.Debug|Any CPU.Build.0 = Debug|Any CPU
		{8AEF759B-C864-4614-8C9F-1E8E40896B0B}.Debug|Any CPU.Deploy.0 = Debug|Any CPU
		{8AEF759B-C864-4614-8C9F-1E8E40896B0B}.Debug|ARM.ActiveCfg = Debug|Any CPU
		{8AEF759B-C864-4614-8C9F-1E8E40896B0B}.Debug|ARM.Build.0 = Debug|Any CPU
		{8AEF759B-C864-4614-8C9F-1E8E40896B0B}.Debug|ARM.Deploy.0 = Debug|Any CPU
		{8AEF759B-C864-4614-8C9F-1E8E40896B0B}.Debug|iPhone.ActiveCfg = Debug|Any CPU
		{8AEF759B-C864-4614-8C9F-1E8E40896B0B}.Debug|iPhone.Build.0 = Debug|Any CPU
		{8AEF759B-C864-4614-8C9F-1E8E40896B0B}.Debug|iPhone.Deploy.0 = Debug|Any CPU
		{8AEF759B-C864-4614-8C9F-1E8E40896B0B}.Debug|iPhoneSimulator.ActiveCfg = Debug|Any CPU
		{8AEF759B-C864-4614-8C9F-1E8E40896B0B}.Debug|iPhoneSimulator.Build.0 = Debug|Any CPU
		{8AEF759B-C864-4614-8C9F-1E8E40896B0B}.Debug|iPhoneSimulator.Deploy.0 = Debug|Any CPU
		{8AEF759B-C864-4614-8C9F-1E8E40896B0B}.Debug|x64.ActiveCfg = Debug|Any CPU
		{8AEF759B-C864-4614-8C9F-1E8E40896B0B}.Debug|x64.Build.0 = Debug|Any CPU
		{8AEF759B-C864-4614-8C9F-1E8E40896B0B}.Debug|x64.Deploy.0 = Debug|Any CPU
		{8AEF759B-C864-4614-8C9F-1E8E40896B0B}.Debug|x86.ActiveCfg = Debug|Any CPU
		{8AEF759B-C864-4614-8C9F-1E8E40896B0B}.Debug|x86.Build.0 = Debug|Any CPU
		{8AEF759B-C864-4614-8C9F-1E8E40896B0B}.Debug|x86.Deploy.0 = Debug|Any CPU
		{8AEF759B-C864-4614-8C9F-1E8E40896B0B}.Release|Any CPU.ActiveCfg = Release|Any CPU
		{8AEF759B-C864-4614-8C9F-1E8E40896B0B}.Release|Any CPU.Build.0 = Release|Any CPU
		{8AEF759B-C864-4614-8C9F-1E8E40896B0B}.Release|Any CPU.Deploy.0 = Release|Any CPU
		{8AEF759B-C864-4614-8C9F-1E8E40896B0B}.Release|ARM.ActiveCfg = Release|Any CPU
		{8AEF759B-C864-4614-8C9F-1E8E40896B0B}.Release|ARM.Build.0 = Release|Any CPU
		{8AEF759B-C864-4614-8C9F-1E8E40896B0B}.Release|ARM.Deploy.0 = Release|Any CPU
		{8AEF759B-C864-4614-8C9F-1E8E40896B0B}.Release|iPhone.ActiveCfg = Release|Any CPU
		{8AEF759B-C864-4614-8C9F-1E8E40896B0B}.Release|iPhone.Build.0 = Release|Any CPU
		{8AEF759B-C864-4614-8C9F-1E8E40896B0B}.Release|iPhone.Deploy.0 = Release|Any CPU
		{8AEF759B-C864-4614-8C9F-1E8E40896B0B}.Release|iPhoneSimulator.ActiveCfg = Release|Any CPU
		{8AEF759B-C864-4614-8C9F-1E8E40896B0B}.Release|iPhoneSimulator.Build.0 = Release|Any CPU
		{8AEF759B-C864-4614-8C9F-1E8E40896B0B}.Release|iPhoneSimulator.Deploy.0 = Release|Any CPU
		{8AEF759B-C864-4614-8C9F-1E8E40896B0B}.Release|x64.ActiveCfg = Release|Any CPU
		{8AEF759B-C864-4614-8C9F-1E8E40896B0B}.Release|x64.Build.0 = Release|Any CPU
		{8AEF759B-C864-4614-8C9F-1E8E40896B0B}.Release|x64.Deploy.0 = Release|Any CPU
		{8AEF759B-C864-4614-8C9F-1E8E40896B0B}.Release|x86.ActiveCfg = Release|Any CPU
		{8AEF759B-C864-4614-8C9F-1E8E40896B0B}.Release|x86.Build.0 = Release|Any CPU
		{8AEF759B-C864-4614-8C9F-1E8E40896B0B}.Release|x86.Deploy.0 = Release|Any CPU
		{7B25D7A5-84A7-43B3-9473-C45B1FE4C0A1}.Debug|Any CPU.ActiveCfg = Debug|iPhoneSimulator
		{7B25D7A5-84A7-43B3-9473-C45B1FE4C0A1}.Debug|Any CPU.Build.0 = Debug|iPhoneSimulator
		{7B25D7A5-84A7-43B3-9473-C45B1FE4C0A1}.Debug|Any CPU.Deploy.0 = Debug|iPhoneSimulator
		{7B25D7A5-84A7-43B3-9473-C45B1FE4C0A1}.Debug|ARM.ActiveCfg = Debug|iPhone
		{7B25D7A5-84A7-43B3-9473-C45B1FE4C0A1}.Debug|ARM.Build.0 = Debug|iPhone
		{7B25D7A5-84A7-43B3-9473-C45B1FE4C0A1}.Debug|ARM.Deploy.0 = Debug|iPhone
		{7B25D7A5-84A7-43B3-9473-C45B1FE4C0A1}.Debug|iPhone.ActiveCfg = Debug|iPhone
		{7B25D7A5-84A7-43B3-9473-C45B1FE4C0A1}.Debug|iPhone.Build.0 = Debug|iPhone
		{7B25D7A5-84A7-43B3-9473-C45B1FE4C0A1}.Debug|iPhone.Deploy.0 = Debug|iPhone
		{7B25D7A5-84A7-43B3-9473-C45B1FE4C0A1}.Debug|iPhoneSimulator.ActiveCfg = Debug|iPhoneSimulator
		{7B25D7A5-84A7-43B3-9473-C45B1FE4C0A1}.Debug|iPhoneSimulator.Build.0 = Debug|iPhoneSimulator
		{7B25D7A5-84A7-43B3-9473-C45B1FE4C0A1}.Debug|iPhoneSimulator.Deploy.0 = Debug|iPhoneSimulator
		{7B25D7A5-84A7-43B3-9473-C45B1FE4C0A1}.Debug|x64.ActiveCfg = Debug|iPhoneSimulator
		{7B25D7A5-84A7-43B3-9473-C45B1FE4C0A1}.Debug|x64.Build.0 = Debug|iPhoneSimulator
		{7B25D7A5-84A7-43B3-9473-C45B1FE4C0A1}.Debug|x64.Deploy.0 = Debug|iPhoneSimulator
		{7B25D7A5-84A7-43B3-9473-C45B1FE4C0A1}.Debug|x86.ActiveCfg = Debug|iPhoneSimulator
		{7B25D7A5-84A7-43B3-9473-C45B1FE4C0A1}.Debug|x86.Build.0 = Debug|iPhoneSimulator
		{7B25D7A5-84A7-43B3-9473-C45B1FE4C0A1}.Debug|x86.Deploy.0 = Debug|iPhoneSimulator
		{7B25D7A5-84A7-43B3-9473-C45B1FE4C0A1}.Release|Any CPU.ActiveCfg = Release|iPhoneSimulator
		{7B25D7A5-84A7-43B3-9473-C45B1FE4C0A1}.Release|Any CPU.Build.0 = Release|iPhoneSimulator
		{7B25D7A5-84A7-43B3-9473-C45B1FE4C0A1}.Release|Any CPU.Deploy.0 = Release|iPhoneSimulator
		{7B25D7A5-84A7-43B3-9473-C45B1FE4C0A1}.Release|ARM.ActiveCfg = Release|iPhoneSimulator
		{7B25D7A5-84A7-43B3-9473-C45B1FE4C0A1}.Release|ARM.Build.0 = Release|iPhoneSimulator
		{7B25D7A5-84A7-43B3-9473-C45B1FE4C0A1}.Release|ARM.Deploy.0 = Release|iPhoneSimulator
		{7B25D7A5-84A7-43B3-9473-C45B1FE4C0A1}.Release|iPhone.ActiveCfg = Release|iPhone
		{7B25D7A5-84A7-43B3-9473-C45B1FE4C0A1}.Release|iPhone.Build.0 = Release|iPhone
		{7B25D7A5-84A7-43B3-9473-C45B1FE4C0A1}.Release|iPhone.Deploy.0 = Release|iPhone
		{7B25D7A5-84A7-43B3-9473-C45B1FE4C0A1}.Release|iPhoneSimulator.ActiveCfg = Release|iPhoneSimulator
		{7B25D7A5-84A7-43B3-9473-C45B1FE4C0A1}.Release|iPhoneSimulator.Build.0 = Release|iPhoneSimulator
		{7B25D7A5-84A7-43B3-9473-C45B1FE4C0A1}.Release|iPhoneSimulator.Deploy.0 = Release|iPhoneSimulator
		{7B25D7A5-84A7-43B3-9473-C45B1FE4C0A1}.Release|x64.ActiveCfg = Release|iPhoneSimulator
		{7B25D7A5-84A7-43B3-9473-C45B1FE4C0A1}.Release|x64.Build.0 = Release|iPhoneSimulator
		{7B25D7A5-84A7-43B3-9473-C45B1FE4C0A1}.Release|x64.Deploy.0 = Release|iPhoneSimulator
		{7B25D7A5-84A7-43B3-9473-C45B1FE4C0A1}.Release|x86.ActiveCfg = Release|iPhoneSimulator
		{7B25D7A5-84A7-43B3-9473-C45B1FE4C0A1}.Release|x86.Build.0 = Release|iPhoneSimulator
		{7B25D7A5-84A7-43B3-9473-C45B1FE4C0A1}.Release|x86.Deploy.0 = Release|iPhoneSimulator
		{6B33E00B-3C11-4C94-AC1A-BD93E37132D4}.Debug|Any CPU.ActiveCfg = Debug|Any CPU
		{6B33E00B-3C11-4C94-AC1A-BD93E37132D4}.Debug|Any CPU.Build.0 = Debug|Any CPU
		{6B33E00B-3C11-4C94-AC1A-BD93E37132D4}.Debug|Any CPU.Deploy.0 = Debug|Any CPU
		{6B33E00B-3C11-4C94-AC1A-BD93E37132D4}.Debug|ARM.ActiveCfg = Debug|Any CPU
		{6B33E00B-3C11-4C94-AC1A-BD93E37132D4}.Debug|ARM.Build.0 = Debug|Any CPU
		{6B33E00B-3C11-4C94-AC1A-BD93E37132D4}.Debug|ARM.Deploy.0 = Debug|Any CPU
		{6B33E00B-3C11-4C94-AC1A-BD93E37132D4}.Debug|iPhone.ActiveCfg = Debug|Any CPU
		{6B33E00B-3C11-4C94-AC1A-BD93E37132D4}.Debug|iPhone.Build.0 = Debug|Any CPU
		{6B33E00B-3C11-4C94-AC1A-BD93E37132D4}.Debug|iPhone.Deploy.0 = Debug|Any CPU
		{6B33E00B-3C11-4C94-AC1A-BD93E37132D4}.Debug|iPhoneSimulator.ActiveCfg = Debug|Any CPU
		{6B33E00B-3C11-4C94-AC1A-BD93E37132D4}.Debug|iPhoneSimulator.Build.0 = Debug|Any CPU
		{6B33E00B-3C11-4C94-AC1A-BD93E37132D4}.Debug|iPhoneSimulator.Deploy.0 = Debug|Any CPU
		{6B33E00B-3C11-4C94-AC1A-BD93E37132D4}.Debug|x64.ActiveCfg = Debug|Any CPU
		{6B33E00B-3C11-4C94-AC1A-BD93E37132D4}.Debug|x64.Build.0 = Debug|Any CPU
		{6B33E00B-3C11-4C94-AC1A-BD93E37132D4}.Debug|x64.Deploy.0 = Debug|Any CPU
		{6B33E00B-3C11-4C94-AC1A-BD93E37132D4}.Debug|x86.ActiveCfg = Debug|Any CPU
		{6B33E00B-3C11-4C94-AC1A-BD93E37132D4}.Debug|x86.Build.0 = Debug|Any CPU
		{6B33E00B-3C11-4C94-AC1A-BD93E37132D4}.Debug|x86.Deploy.0 = Debug|Any CPU
		{6B33E00B-3C11-4C94-AC1A-BD93E37132D4}.Release|Any CPU.ActiveCfg = Release|Any CPU
		{6B33E00B-3C11-4C94-AC1A-BD93E37132D4}.Release|Any CPU.Build.0 = Release|Any CPU
		{6B33E00B-3C11-4C94-AC1A-BD93E37132D4}.Release|Any CPU.Deploy.0 = Release|Any CPU
		{6B33E00B-3C11-4C94-AC1A-BD93E37132D4}.Release|ARM.ActiveCfg = Release|Any CPU
		{6B33E00B-3C11-4C94-AC1A-BD93E37132D4}.Release|ARM.Build.0 = Release|Any CPU
		{6B33E00B-3C11-4C94-AC1A-BD93E37132D4}.Release|ARM.Deploy.0 = Release|Any CPU
		{6B33E00B-3C11-4C94-AC1A-BD93E37132D4}.Release|iPhone.ActiveCfg = Release|Any CPU
		{6B33E00B-3C11-4C94-AC1A-BD93E37132D4}.Release|iPhone.Build.0 = Release|Any CPU
		{6B33E00B-3C11-4C94-AC1A-BD93E37132D4}.Release|iPhone.Deploy.0 = Release|Any CPU
		{6B33E00B-3C11-4C94-AC1A-BD93E37132D4}.Release|iPhoneSimulator.ActiveCfg = Release|Any CPU
		{6B33E00B-3C11-4C94-AC1A-BD93E37132D4}.Release|iPhoneSimulator.Build.0 = Release|Any CPU
		{6B33E00B-3C11-4C94-AC1A-BD93E37132D4}.Release|iPhoneSimulator.Deploy.0 = Release|Any CPU
		{6B33E00B-3C11-4C94-AC1A-BD93E37132D4}.Release|x64.ActiveCfg = Release|Any CPU
		{6B33E00B-3C11-4C94-AC1A-BD93E37132D4}.Release|x64.Build.0 = Release|Any CPU
		{6B33E00B-3C11-4C94-AC1A-BD93E37132D4}.Release|x64.Deploy.0 = Release|Any CPU
		{6B33E00B-3C11-4C94-AC1A-BD93E37132D4}.Release|x86.ActiveCfg = Release|Any CPU
		{6B33E00B-3C11-4C94-AC1A-BD93E37132D4}.Release|x86.Build.0 = Release|Any CPU
		{6B33E00B-3C11-4C94-AC1A-BD93E37132D4}.Release|x86.Deploy.0 = Release|Any CPU
	EndGlobalSection
	GlobalSection(SolutionProperties) = preSolution
		HideSolutionNode = FALSE
	EndGlobalSection
	GlobalSection(ExtensibilityGlobals) = postSolution
		SolutionGuid = {89392E88-B653-464E-B736-81B46A855878}
	EndGlobalSection
EndGlobal
